
Microsoft Visual Studio Solution File, Format Version 12.00
# Visual Studio Version 16
VisualStudioVersion = 16.0.29215.179
MinimumVisualStudioVersion = 10.0.40219.1
Project("{F184B08F-C81C-45F6-A57F-5ABD9991F28F}") = "9-23", "9-23.vbproj", "{62F5D97C-1D22-49E0-B40D-5FABDF055986}"
EndProject
Global
	GlobalSection(SolutionConfigurationPlatforms) = preSolution
		Debug|Any CPU = Debug|Any CPU
		Release|Any CPU = Release|Any CPU
	EndGlobalSection
	GlobalSection(ProjectConfigurationPlatforms) = postSolution
		{62F5D97C-1D22-49E0-B40D-5FABDF055986}.Debug|Any CPU.ActiveCfg = Debug|Any CPU
		{62F5D97C-1D22-49E0-B40D-5FABDF055986}.Debug|Any CPU.Build.0 = Debug|Any CPU
		{62F5D97C-1D22-49E0-B40D-5FABDF055986}.Release|Any CPU.ActiveCfg = Release|Any CPU
		{62F5D97C-1D22-49E0-B40D-5FABDF055986}.Release|Any CPU.Build.0 = Release|Any CPU
	EndGlobalSection
	GlobalSection(SolutionProperties) = preSolution
		HideSolutionNode = FALSE
	EndGlobalSection
	GlobalSection(ExtensibilityGlobals) = postSolution
		SolutionGuid = {55BA4E2E-0C3A-4693-A479-12A71CBE6A13}
	EndGlobalSection
EndGlobal
