
Microsoft Visual Studio Solution File, Format Version 12.00
# Visual Studio Version 16
VisualStudioVersion = 16.0.29215.179
MinimumVisualStudioVersion = 10.0.40219.1
Project("{F184B08F-C81C-45F6-A57F-5ABD9991F28F}") = "Asg3-6", "Asg3-6.vbproj", "{5C399F1F-D973-4957-A5DA-48FB93BE2209}"
EndProject
Global
	GlobalSection(SolutionConfigurationPlatforms) = preSolution
		Debug|Any CPU = Debug|Any CPU
		Release|Any CPU = Release|Any CPU
	EndGlobalSection
	GlobalSection(ProjectConfigurationPlatforms) = postSolution
		{5C399F1F-D973-4957-A5DA-48FB93BE2209}.Debug|Any CPU.ActiveCfg = Debug|Any CPU
		{5C399F1F-D973-4957-A5DA-48FB93BE2209}.Debug|Any CPU.Build.0 = Debug|Any CPU
		{5C399F1F-D973-4957-A5DA-48FB93BE2209}.Release|Any CPU.ActiveCfg = Release|Any CPU
		{5C399F1F-D973-4957-A5DA-48FB93BE2209}.Release|Any CPU.Build.0 = Release|Any CPU
	EndGlobalSection
	GlobalSection(SolutionProperties) = preSolution
		HideSolutionNode = FALSE
	EndGlobalSection
	GlobalSection(ExtensibilityGlobals) = postSolution
		SolutionGuid = {34C3BCAF-089A-4786-BC59-2D36614C9134}
	EndGlobalSection
EndGlobal
