
Microsoft Visual Studio Solution File, Format Version 12.00
# Visual Studio Version 16
VisualStudioVersion = 16.0.29215.179
MinimumVisualStudioVersion = 10.0.40219.1
Project("{F184B08F-C81C-45F6-A57F-5ABD9991F28F}") = "9-18", "9-18.vbproj", "{973A92CF-5545-4420-A9E8-3CCB9D263968}"
EndProject
Global
	GlobalSection(SolutionConfigurationPlatforms) = preSolution
		Debug|Any CPU = Debug|Any CPU
		Release|Any CPU = Release|Any CPU
	EndGlobalSection
	GlobalSection(ProjectConfigurationPlatforms) = postSolution
		{973A92CF-5545-4420-A9E8-3CCB9D263968}.Debug|Any CPU.ActiveCfg = Debug|Any CPU
		{973A92CF-5545-4420-A9E8-3CCB9D263968}.Debug|Any CPU.Build.0 = Debug|Any CPU
		{973A92CF-5545-4420-A9E8-3CCB9D263968}.Release|Any CPU.ActiveCfg = Release|Any CPU
		{973A92CF-5545-4420-A9E8-3CCB9D263968}.Release|Any CPU.Build.0 = Release|Any CPU
	EndGlobalSection
	GlobalSection(SolutionProperties) = preSolution
		HideSolutionNode = FALSE
	EndGlobalSection
	GlobalSection(ExtensibilityGlobals) = postSolution
		SolutionGuid = {42561D86-E199-4C49-9EDB-C2102C77AE0B}
	EndGlobalSection
EndGlobal
