
Microsoft Visual Studio Solution File, Format Version 12.00
# Visual Studio Version 16
VisualStudioVersion = 16.0.29215.179
MinimumVisualStudioVersion = 10.0.40219.1
Project("{F184B08F-C81C-45F6-A57F-5ABD9991F28F}") = "Asg2-5", "Asg2-5.vbproj", "{78DF1CD6-EBF6-46C9-912B-FAF0CC5A472B}"
EndProject
Global
	GlobalSection(SolutionConfigurationPlatforms) = preSolution
		Debug|Any CPU = Debug|Any CPU
		Release|Any CPU = Release|Any CPU
	EndGlobalSection
	GlobalSection(ProjectConfigurationPlatforms) = postSolution
		{78DF1CD6-EBF6-46C9-912B-FAF0CC5A472B}.Debug|Any CPU.ActiveCfg = Debug|Any CPU
		{78DF1CD6-EBF6-46C9-912B-FAF0CC5A472B}.Debug|Any CPU.Build.0 = Debug|Any CPU
		{78DF1CD6-EBF6-46C9-912B-FAF0CC5A472B}.Release|Any CPU.ActiveCfg = Release|Any CPU
		{78DF1CD6-EBF6-46C9-912B-FAF0CC5A472B}.Release|Any CPU.Build.0 = Release|Any CPU
	EndGlobalSection
	GlobalSection(SolutionProperties) = preSolution
		HideSolutionNode = FALSE
	EndGlobalSection
	GlobalSection(ExtensibilityGlobals) = postSolution
		SolutionGuid = {8648848C-8452-45E8-9099-78F20B3089B8}
	EndGlobalSection
EndGlobal
