
Microsoft Visual Studio Solution File, Format Version 12.00
# Visual Studio Version 16
VisualStudioVersion = 16.0.29215.179
MinimumVisualStudioVersion = 10.0.40219.1
Project("{F184B08F-C81C-45F6-A57F-5ABD9991F28F}") = "classExample 9-9", "classExample 9-9.vbproj", "{1729F6E1-39F5-4D3C-AEB1-27F0F2E22686}"
EndProject
Global
	GlobalSection(SolutionConfigurationPlatforms) = preSolution
		Debug|Any CPU = Debug|Any CPU
		Release|Any CPU = Release|Any CPU
	EndGlobalSection
	GlobalSection(ProjectConfigurationPlatforms) = postSolution
		{1729F6E1-39F5-4D3C-AEB1-27F0F2E22686}.Debug|Any CPU.ActiveCfg = Debug|Any CPU
		{1729F6E1-39F5-4D3C-AEB1-27F0F2E22686}.Debug|Any CPU.Build.0 = Debug|Any CPU
		{1729F6E1-39F5-4D3C-AEB1-27F0F2E22686}.Release|Any CPU.ActiveCfg = Release|Any CPU
		{1729F6E1-39F5-4D3C-AEB1-27F0F2E22686}.Release|Any CPU.Build.0 = Release|Any CPU
	EndGlobalSection
	GlobalSection(SolutionProperties) = preSolution
		HideSolutionNode = FALSE
	EndGlobalSection
	GlobalSection(ExtensibilityGlobals) = postSolution
		SolutionGuid = {B864E5C3-DD6D-4AB6-9307-D46199452E73}
	EndGlobalSection
EndGlobal
